
Microsoft Visual Studio Solution File, Format Version 12.00
# Visual Studio Version 17
VisualStudioVersion = 17.5.33530.505
MinimumVisualStudioVersion = 10.0.40219.1
Project("{9A19103F-16F7-4668-BE54-9A1E7A4F7556}") = "OlaMundo", "OlaMundo\OlaMundo.csproj", "{9E413CAA-C9DD-450E-9FA4-4053B2B6D054}"
EndProject
Project("{9A19103F-16F7-4668-BE54-9A1E7A4F7556}") = "CriandoVariaveis", "CriandoVariaveis\CriandoVariaveis.csproj", "{C8F5A3B6-F35D-42FA-A424-3F65357EB5A4}"
EndProject
Project("{9A19103F-16F7-4668-BE54-9A1E7A4F7556}") = "VariaveisPontoFlutuante", "3-VariaveisPontoFlutuante\VariaveisPontoFlutuante.csproj", "{67F1C408-CA5D-406B-9BD1-A7F430C4F648}"
EndProject
Project("{9A19103F-16F7-4668-BE54-9A1E7A4F7556}") = "ConversoesEOutrosTipos", "ConversoesEOutrosTipos\ConversoesEOutrosTipos.csproj", "{CCB69599-828C-43D2-A3EE-1E2005460E05}"
EndProject
Project("{9A19103F-16F7-4668-BE54-9A1E7A4F7556}") = "CaracteresETextos", "CaracteresETextos\CaracteresETextos.csproj", "{AFEA3567-350F-48FF-BBEB-9C8663B28F55}"
EndProject
Project("{FAE04EC0-301F-11D3-BF4B-00C04F79EFBC}") = "AtribuicaoDeVariaveis", "AtribuicaoDeVariaveis\AtribuicaoDeVariaveis.csproj", "{5C2D30B9-7F5C-465D-8292-01B81EECB986}"
EndProject
Project("{FAE04EC0-301F-11D3-BF4B-00C04F79EFBC}") = "Condicionais", "Condicionais\Condicionais.csproj", "{72E15BF7-714B-4326-A2F3-FA4B57AB4507}"
EndProject
Project("{FAE04EC0-301F-11D3-BF4B-00C04F79EFBC}") = "Condicionais1.2", "Condicionais2.1\Condicionais1.2.csproj", "{5464EE1E-B2C7-4344-8EF4-BB6EC6D38199}"
EndProject
Project("{FAE04EC0-301F-11D3-BF4B-00C04F79EFBC}") = "Condicionais2", "Condicionais2\Condicionais2.csproj", "{F8B0BC2C-9E93-46AA-BE04-A6C2021D94B0}"
EndProject
Project("{FAE04EC0-301F-11D3-BF4B-00C04F79EFBC}") = "Escopo", "Escopo\Escopo.csproj", "{579B484F-7151-498A-8A41-E3A0E4BBE16A}"
EndProject
Global
	GlobalSection(SolutionConfigurationPlatforms) = preSolution
		Debug|Any CPU = Debug|Any CPU
		Release|Any CPU = Release|Any CPU
	EndGlobalSection
	GlobalSection(ProjectConfigurationPlatforms) = postSolution
		{9E413CAA-C9DD-450E-9FA4-4053B2B6D054}.Debug|Any CPU.ActiveCfg = Debug|Any CPU
		{9E413CAA-C9DD-450E-9FA4-4053B2B6D054}.Debug|Any CPU.Build.0 = Debug|Any CPU
		{9E413CAA-C9DD-450E-9FA4-4053B2B6D054}.Release|Any CPU.ActiveCfg = Release|Any CPU
		{9E413CAA-C9DD-450E-9FA4-4053B2B6D054}.Release|Any CPU.Build.0 = Release|Any CPU
		{C8F5A3B6-F35D-42FA-A424-3F65357EB5A4}.Debug|Any CPU.ActiveCfg = Debug|Any CPU
		{C8F5A3B6-F35D-42FA-A424-3F65357EB5A4}.Debug|Any CPU.Build.0 = Debug|Any CPU
		{C8F5A3B6-F35D-42FA-A424-3F65357EB5A4}.Release|Any CPU.ActiveCfg = Release|Any CPU
		{C8F5A3B6-F35D-42FA-A424-3F65357EB5A4}.Release|Any CPU.Build.0 = Release|Any CPU
		{67F1C408-CA5D-406B-9BD1-A7F430C4F648}.Debug|Any CPU.ActiveCfg = Debug|Any CPU
		{67F1C408-CA5D-406B-9BD1-A7F430C4F648}.Debug|Any CPU.Build.0 = Debug|Any CPU
		{67F1C408-CA5D-406B-9BD1-A7F430C4F648}.Release|Any CPU.ActiveCfg = Release|Any CPU
		{67F1C408-CA5D-406B-9BD1-A7F430C4F648}.Release|Any CPU.Build.0 = Release|Any CPU
		{CCB69599-828C-43D2-A3EE-1E2005460E05}.Debug|Any CPU.ActiveCfg = Debug|Any CPU
		{CCB69599-828C-43D2-A3EE-1E2005460E05}.Debug|Any CPU.Build.0 = Debug|Any CPU
		{CCB69599-828C-43D2-A3EE-1E2005460E05}.Release|Any CPU.ActiveCfg = Release|Any CPU
		{CCB69599-828C-43D2-A3EE-1E2005460E05}.Release|Any CPU.Build.0 = Release|Any CPU
		{AFEA3567-350F-48FF-BBEB-9C8663B28F55}.Debug|Any CPU.ActiveCfg = Debug|Any CPU
		{AFEA3567-350F-48FF-BBEB-9C8663B28F55}.Debug|Any CPU.Build.0 = Debug|Any CPU
		{AFEA3567-350F-48FF-BBEB-9C8663B28F55}.Release|Any CPU.ActiveCfg = Release|Any CPU
		{AFEA3567-350F-48FF-BBEB-9C8663B28F55}.Release|Any CPU.Build.0 = Release|Any CPU
		{5C2D30B9-7F5C-465D-8292-01B81EECB986}.Debug|Any CPU.ActiveCfg = Debug|Any CPU
		{5C2D30B9-7F5C-465D-8292-01B81EECB986}.Debug|Any CPU.Build.0 = Debug|Any CPU
		{5C2D30B9-7F5C-465D-8292-01B81EECB986}.Release|Any CPU.ActiveCfg = Release|Any CPU
		{5C2D30B9-7F5C-465D-8292-01B81EECB986}.Release|Any CPU.Build.0 = Release|Any CPU
		{72E15BF7-714B-4326-A2F3-FA4B57AB4507}.Debug|Any CPU.ActiveCfg = Debug|Any CPU
		{72E15BF7-714B-4326-A2F3-FA4B57AB4507}.Debug|Any CPU.Build.0 = Debug|Any CPU
		{72E15BF7-714B-4326-A2F3-FA4B57AB4507}.Release|Any CPU.ActiveCfg = Release|Any CPU
		{72E15BF7-714B-4326-A2F3-FA4B57AB4507}.Release|Any CPU.Build.0 = Release|Any CPU
		{5464EE1E-B2C7-4344-8EF4-BB6EC6D38199}.Debug|Any CPU.ActiveCfg = Debug|Any CPU
		{5464EE1E-B2C7-4344-8EF4-BB6EC6D38199}.Debug|Any CPU.Build.0 = Debug|Any CPU
		{5464EE1E-B2C7-4344-8EF4-BB6EC6D38199}.Release|Any CPU.ActiveCfg = Release|Any CPU
		{5464EE1E-B2C7-4344-8EF4-BB6EC6D38199}.Release|Any CPU.Build.0 = Release|Any CPU
		{F8B0BC2C-9E93-46AA-BE04-A6C2021D94B0}.Debug|Any CPU.ActiveCfg = Debug|Any CPU
		{F8B0BC2C-9E93-46AA-BE04-A6C2021D94B0}.Debug|Any CPU.Build.0 = Debug|Any CPU
		{F8B0BC2C-9E93-46AA-BE04-A6C2021D94B0}.Release|Any CPU.ActiveCfg = Release|Any CPU
		{F8B0BC2C-9E93-46AA-BE04-A6C2021D94B0}.Release|Any CPU.Build.0 = Release|Any CPU
		{579B484F-7151-498A-8A41-E3A0E4BBE16A}.Debug|Any CPU.ActiveCfg = Debug|Any CPU
		{579B484F-7151-498A-8A41-E3A0E4BBE16A}.Debug|Any CPU.Build.0 = Debug|Any CPU
		{579B484F-7151-498A-8A41-E3A0E4BBE16A}.Release|Any CPU.ActiveCfg = Release|Any CPU
		{579B484F-7151-498A-8A41-E3A0E4BBE16A}.Release|Any CPU.Build.0 = Release|Any CPU
	EndGlobalSection
	GlobalSection(SolutionProperties) = preSolution
		HideSolutionNode = FALSE
	EndGlobalSection
	GlobalSection(ExtensibilityGlobals) = postSolution
		SolutionGuid = {97DB28C1-FBCE-4DDC-A759-0747B114EF31}
	EndGlobalSection
EndGlobal
