
Microsoft Visual Studio Solution File, Format Version 12.00
# Visual Studio Version 17
VisualStudioVersion = 17.5.33530.505
MinimumVisualStudioVersion = 10.0.40219.1
Project("{9A19103F-16F7-4668-BE54-9A1E7A4F7556}") = "OlaMundo", "OlaMundo\OlaMundo.csproj", "{9E413CAA-C9DD-450E-9FA4-4053B2B6D054}"
EndProject
Project("{FAE04EC0-301F-11D3-BF4B-00C04F79EFBC}") = "CriandoVariaveis", "CriandoVariaveis\CriandoVariaveis.csproj", "{C8F5A3B6-F35D-42FA-A424-3F65357EB5A4}"
EndProject
Project("{FAE04EC0-301F-11D3-BF4B-00C04F79EFBC}") = "VariaveisPontoFlutuante", "3-VariaveisPontoFlutuante\VariaveisPontoFlutuante.csproj", "{67F1C408-CA5D-406B-9BD1-A7F430C4F648}"
EndProject
Project("{FAE04EC0-301F-11D3-BF4B-00C04F79EFBC}") = "ConversoesEOutrosTipos", "ConversoesEOutrosTipos\ConversoesEOutrosTipos.csproj", "{CCB69599-828C-43D2-A3EE-1E2005460E05}"
EndProject
Global
	GlobalSection(SolutionConfigurationPlatforms) = preSolution
		Debug|Any CPU = Debug|Any CPU
		Release|Any CPU = Release|Any CPU
	EndGlobalSection
	GlobalSection(ProjectConfigurationPlatforms) = postSolution
		{9E413CAA-C9DD-450E-9FA4-4053B2B6D054}.Debug|Any CPU.ActiveCfg = Debug|Any CPU
		{9E413CAA-C9DD-450E-9FA4-4053B2B6D054}.Debug|Any CPU.Build.0 = Debug|Any CPU
		{9E413CAA-C9DD-450E-9FA4-4053B2B6D054}.Release|Any CPU.ActiveCfg = Release|Any CPU
		{9E413CAA-C9DD-450E-9FA4-4053B2B6D054}.Release|Any CPU.Build.0 = Release|Any CPU
		{C8F5A3B6-F35D-42FA-A424-3F65357EB5A4}.Debug|Any CPU.ActiveCfg = Debug|Any CPU
		{C8F5A3B6-F35D-42FA-A424-3F65357EB5A4}.Debug|Any CPU.Build.0 = Debug|Any CPU
		{C8F5A3B6-F35D-42FA-A424-3F65357EB5A4}.Release|Any CPU.ActiveCfg = Release|Any CPU
		{C8F5A3B6-F35D-42FA-A424-3F65357EB5A4}.Release|Any CPU.Build.0 = Release|Any CPU
		{67F1C408-CA5D-406B-9BD1-A7F430C4F648}.Debug|Any CPU.ActiveCfg = Debug|Any CPU
		{67F1C408-CA5D-406B-9BD1-A7F430C4F648}.Debug|Any CPU.Build.0 = Debug|Any CPU
		{67F1C408-CA5D-406B-9BD1-A7F430C4F648}.Release|Any CPU.ActiveCfg = Release|Any CPU
		{67F1C408-CA5D-406B-9BD1-A7F430C4F648}.Release|Any CPU.Build.0 = Release|Any CPU
		{CCB69599-828C-43D2-A3EE-1E2005460E05}.Debug|Any CPU.ActiveCfg = Debug|Any CPU
		{CCB69599-828C-43D2-A3EE-1E2005460E05}.Debug|Any CPU.Build.0 = Debug|Any CPU
		{CCB69599-828C-43D2-A3EE-1E2005460E05}.Release|Any CPU.ActiveCfg = Release|Any CPU
		{CCB69599-828C-43D2-A3EE-1E2005460E05}.Release|Any CPU.Build.0 = Release|Any CPU
	EndGlobalSection
	GlobalSection(SolutionProperties) = preSolution
		HideSolutionNode = FALSE
	EndGlobalSection
	GlobalSection(ExtensibilityGlobals) = postSolution
		SolutionGuid = {97DB28C1-FBCE-4DDC-A759-0747B114EF31}
	EndGlobalSection
EndGlobal
